
Microsoft Visual Studio Solution File, Format Version 12.00
# Visual Studio 15
VisualStudioVersion = 15.0.28307.572
MinimumVisualStudioVersion = 10.0.40219.1
Project("{FAE04EC0-301F-11D3-BF4B-00C04F79EFBC}") = "SongIdentify_Winform", "SongIdentify_Winform\SongIdentify_Winform.csproj", "{4C779932-89B6-4614-9B27-65CA6E7DA8AB}"
EndProject
Global
	GlobalSection(SolutionConfigurationPlatforms) = preSolution
		Debug|Any CPU = Debug|Any CPU
		Release|Any CPU = Release|Any CPU
	EndGlobalSection
	GlobalSection(ProjectConfigurationPlatforms) = postSolution
		{4C779932-89B6-4614-9B27-65CA6E7DA8AB}.Debug|Any CPU.ActiveCfg = Debug|Any CPU
		{4C779932-89B6-4614-9B27-65CA6E7DA8AB}.Debug|Any CPU.Build.0 = Debug|Any CPU
		{4C779932-89B6-4614-9B27-65CA6E7DA8AB}.Release|Any CPU.ActiveCfg = Release|Any CPU
		{4C779932-89B6-4614-9B27-65CA6E7DA8AB}.Release|Any CPU.Build.0 = Release|Any CPU
	EndGlobalSection
	GlobalSection(SolutionProperties) = preSolution
		HideSolutionNode = FALSE
	EndGlobalSection
	GlobalSection(ExtensibilityGlobals) = postSolution
		SolutionGuid = {6FA0EE83-6EE1-4EAA-9149-944C34589C50}
	EndGlobalSection
EndGlobal
